# @generated - this file is auto-generated by `mise lock` https://mise.jdx.dev/dev-tools/mise-lock.html

lockfile_version = 1

[[tools."aqua:astral-sh/uv"]]
version = "0.12.10"
backend = "aqua:astral-sh/uv"
specifiers = [
    "0.12.10",
    "latest",
]

[tools."aqua:astral-sh/uv"."platforms.macos-arm64"]
checksum = "sha256:51c6170e8e3a01cef9f33b94f582b7b81ac65046f55d40afb35f9cff5a68c179"
url = "https://github.com/astral-sh/uv/releases/download/0.12.10/uv-aarch64-apple-darwin.tar.gz"
url_api = "https://api.github.com/repos/astral-sh/uv/releases/assets/545034336"
provenance = "github-attestations"

[tools."aqua:astral-sh/uv"."platforms.macos-x64"]
checksum = "sha256:5296d5aa2b9143360405eea866f8ef4d5dc8986b164eb0dc35e8f876a9304d30"
url = "https://github.com/astral-sh/uv/releases/download/0.12.10/uv-x86_64-apple-darwin.tar.gz"
url_api = "https://api.github.com/repos/astral-sh/uv/releases/assets/545034436"
provenance = "github-attestations"

[tools."aqua:astral-sh/uv"."platforms.macos-x64-baseline"]
checksum = "sha256:5296d5aa2b9143360405eea866f8ef4d5dc8986b164eb0dc35e8f876a9304d30"
url = "https://github.com/astral-sh/uv/releases/download/0.12.10/uv-x86_64-apple-darwin.tar.gz"
url_api = "https://api.github.com/repos/astral-sh/uv/releases/assets/545034436"
provenance = "github-attestations"

[[tools.bun]]
version = "1.3.14"
backend = "core:bun"
specifiers = ["1.3.14"]

[tools.bun."platforms.macos-arm64"]
checksum = "sha256:d8b96221828ad6f97ac7ac0ab7e95872341af763001e8803e8267652c2652620"
url = "https://github.com/oven-sh/bun/releases/download/bun-v1.3.14/bun-darwin-aarch64.zip"

[tools.bun."platforms.macos-x64"]
checksum = "sha256:4183df3374623e5bab315c547cfa0974533cd457d86b73b639f7a87974cd6633"
url = "https://github.com/oven-sh/bun/releases/download/bun-v1.3.14/bun-darwin-x64.zip"

[tools.bun."platforms.macos-x64-baseline"]
checksum = "sha256:3e35ad6f53971a9834bf9e6786e2adf72b5f1921cc9a9c5fde073d2972944076"
url = "https://github.com/oven-sh/bun/releases/download/bun-v1.3.14/bun-darwin-x64-baseline.zip"

[[tools.java]]
version = "zulu-17.66.19.0"
backend = "core:java"
specifiers = ["zulu-17.66.19.0"]

[tools.java."platforms.macos-arm64"]
checksum = "sha256:f2bd5afaaaa4c23eb4bf2c78913c7eb7d3d228e44209ffec652fb72388a2f25c"
url = "https://cdn.azul.com/zulu/bin/zulu17.66.19-ca-jdk17.0.19-macosx_aarch64.tar.gz"

[tools.java."platforms.macos-x64"]
checksum = "sha256:6a7b8b23f2419ea1dde7eeace0d5a4cc5dbe7bbc83a8dda35dc64aa12269d041"
url = "https://cdn.azul.com/zulu/bin/zulu17.66.19-ca-jdk17.0.19-macosx_x64.tar.gz"

[tools.java."platforms.macos-x64-baseline"]
checksum = "sha256:6a7b8b23f2419ea1dde7eeace0d5a4cc5dbe7bbc83a8dda35dc64aa12269d041"
url = "https://cdn.azul.com/zulu/bin/zulu17.66.19-ca-jdk17.0.19-macosx_x64.tar.gz"

[[tools.maven]]
version = "3.9.9"
backend = "aqua:apache/maven"
specifiers = ["3.9.9"]

[tools.maven."platforms.macos-arm64"]
checksum = "sha512:a555254d6b53d267965a3404ecb14e53c3827c09c3b94b5678835887ab404556bfaf78dcfe03ba76fa2508649dca8531c74bca4d5846513522404d48e8c4ac8b"
url = "https://archive.apache.org/dist/maven/maven-3/3.9.9/binaries/apache-maven-3.9.9-bin.tar.gz"

[tools.maven."platforms.macos-x64"]
checksum = "sha512:a555254d6b53d267965a3404ecb14e53c3827c09c3b94b5678835887ab404556bfaf78dcfe03ba76fa2508649dca8531c74bca4d5846513522404d48e8c4ac8b"
url = "https://archive.apache.org/dist/maven/maven-3/3.9.9/binaries/apache-maven-3.9.9-bin.tar.gz"

[tools.maven."platforms.macos-x64-baseline"]
checksum = "sha512:a555254d6b53d267965a3404ecb14e53c3827c09c3b94b5678835887ab404556bfaf78dcfe03ba76fa2508649dca8531c74bca4d5846513522404d48e8c4ac8b"
url = "https://archive.apache.org/dist/maven/maven-3/3.9.9/binaries/apache-maven-3.9.9-bin.tar.gz"

[[tools.node]]
version = "24.18.0"
backend = "core:node"
specifiers = ["24.18.0"]

[tools.node."platforms.macos-arm64"]
checksum = "sha256:e1a97e14c99c803e96c7339403282ea05a499c32f8d83defe9ef5ec66f979ed1"
url = "https://nodejs.org/dist/v24.18.0/node-v24.18.0-darwin-arm64.tar.gz"

[tools.node."platforms.macos-x64"]
checksum = "sha256:dfd0dbd3e721503434df7b7205e719f61b3a3a31b2bcf9729b8b91fea240f080"
url = "https://nodejs.org/dist/v24.18.0/node-v24.18.0-darwin-x64.tar.gz"

[tools.node."platforms.macos-x64-baseline"]
checksum = "sha256:dfd0dbd3e721503434df7b7205e719f61b3a3a31b2bcf9729b8b91fea240f080"
url = "https://nodejs.org/dist/v24.18.0/node-v24.18.0-darwin-x64.tar.gz"

[[tools."npm:@anthropic-ai/claude-code"]]
version = "2.1.261"
backend = "npm:@anthropic-ai/claude-code"
specifiers = ["latest"]

[[tools."npm:@earendil-works/pi-coding-agent"]]
version = "0.85.0"
backend = "npm:@earendil-works/pi-coding-agent"
specifiers = ["latest"]

[[tools."npm:@google/gemini-cli"]]
version = "0.58.0"
backend = "npm:@google/gemini-cli"
specifiers = ["latest"]

[[tools."npm:@openai/codex"]]
version = "0.153.4"
backend = "npm:@openai/codex"
specifiers = ["latest"]

[[tools."npm:@playwright/cli"]]
version = "0.1.18"
backend = "npm:@playwright/cli"
specifiers = ["0.1.18"]

[[tools."npm:agent-browser"]]
version = "0.36.0"
backend = "npm:agent-browser"
specifiers = [
    "0.36.0",
    "latest",
]

[[tools."npm:ctx7"]]
version = "0.5.10"
backend = "npm:ctx7"
specifiers = ["latest"]

[[tools."npm:oh-my-openagent"]]
version = "4.19.1"
backend = "npm:oh-my-openagent"
specifiers = ["4.19.1"]

[tools."npm:oh-my-openagent".options]
trust_policy_excludes = '["effect@4.0.0-beta.66"]'

[[tools."npm:opencode-ai"]]
version = "1.18.29"
backend = "npm:opencode-ai"
specifiers = ["latest"]

[[tools.python]]
version = "3.12.12"
backend = "core:python"
specifiers = ["3.12.12"]

[tools.python."platforms.macos-arm64"]
checksum = "sha256:22625deaf5757e7c266cf1a096c9151a06b598b1e14632a2ec9993d58ec5fe84"
url = "https://github.com/astral-sh/python-build-standalone/releases/download/20260211/cpython-3.12.12+20260211-aarch64-apple-darwin-install_only_stripped.tar.gz"
provenance = "github-attestations"

[tools.python."platforms.macos-x64"]
checksum = "sha256:a84ac7a36d465bc6eb68db84540fdb5da04333900e2c3cb34b5d454f2022048c"
url = "https://github.com/astral-sh/python-build-standalone/releases/download/20260211/cpython-3.12.12+20260211-x86_64-apple-darwin-install_only_stripped.tar.gz"
provenance = "github-attestations"

[tools.python."platforms.macos-x64-baseline"]
checksum = "sha256:a84ac7a36d465bc6eb68db84540fdb5da04333900e2c3cb34b5d454f2022048c"
url = "https://github.com/astral-sh/python-build-standalone/releases/download/20260211/cpython-3.12.12+20260211-x86_64-apple-darwin-install_only_stripped.tar.gz"
provenance = "github-attestations"
